# This file is generated by running "yarn install" inside your project.
# Manual changes might be lost - proceed with caution!

__metadata:
  version: 4

"accepts@npm:~1.3.7":
  version: 1.3.7
  resolution: "accepts@npm:1.3.7"
  dependencies:
    mime-types: ~2.1.24
    negotiator: 0.6.2
  checksum: 2/2686fa30dbc850db1bf458dc8171fba13c54ed6cb25f4298ec7c2f88b8dfc50351f25c40abe3a948e4ec7a0cc8ea83d1c55c2f73ffa612d18840a8778d4a2ee0
  languageName: node
  linkType: hard

"ajv@npm:^5.1.0":
  version: 5.5.2
  resolution: "ajv@npm:5.5.2"
  dependencies:
    co: ^4.6.0
    fast-deep-equal: ^1.0.0
    fast-json-stable-stringify: ^2.0.0
    json-schema-traverse: ^0.3.0
  checksum: 2/15cb5986bf9450846a83e6e6528204eaf42b181e92864d2ff374a9a32ec1ffea0612e0d405e16a38540dc2e866b93f0927bcc8ec85a6a568d87dbeb69b754e66
  languageName: node
  linkType: hard

"array-flatten@npm:1.1.1":
  version: 1.1.1
  resolution: "array-flatten@npm:1.1.1"
  checksum: 2/de7a056451ff7891bb1bcda6ce2a50448ca70f63cd0fa7aa90430d288b6dc2931517b6853ce16c473a7f40fa6eaa874e20b6151616db93375471d1ffadfb1d3d
  languageName: node
  linkType: hard

"array.prototype.findindex@npm:^2.0.2":
  version: 2.0.2
  resolution: "array.prototype.findindex@npm:2.0.2"
  dependencies:
    define-properties: ^1.1.2
    es-abstract: ^1.5.0
  checksum: 2/c130b8b80c65cc39945505a8a3f6725cbb6717e26e4e99f4e3634b06804eb1e0f23414d2fca29f924a6cfc9915340955d4a779d5c41148a63aa7e4f61ba53a7e
  languageName: node
  linkType: hard

"asn1@npm:~0.2.3":
  version: 0.2.3
  resolution: "asn1@npm:0.2.3"
  checksum: 2/e08ddec559621675c7390df0e1bdf7070635f66b54011f85c3b47ef3de184aae72a3df4c99f42562b9411a3191f61c913125a3d9627f42721b904903ce72bc8d
  languageName: node
  linkType: hard

"assert-plus@npm:1.0.0, assert-plus@npm:^1.0.0":
  version: 1.0.0
  resolution: "assert-plus@npm:1.0.0"
  checksum: 2/1bda24f67343ccb75a7eee31179c92cf9f79bd6f6bc24101b0ce1495ef979376dd9b0f9b9064812bba564cdade5fbf851ed76b4a44b5e141d49cdaee6ffed6b2
  languageName: node
  linkType: hard

"asynckit@npm:^0.4.0":
  version: 0.4.0
  resolution: "asynckit@npm:0.4.0"
  checksum: 2/a024000b9ddd938e2f27b3cb8188f96a5e1fff58185e98b84862fc4e01de279a547874a800340c2b106bb9de9b0fc61c6c683bc6892abf65e6be29a96addafd3
  languageName: node
  linkType: hard

"aws-sign2@npm:~0.7.0":
  version: 0.7.0
  resolution: "aws-sign2@npm:0.7.0"
  checksum: 2/7162b9b8fbd4cf451bd889b0ed27fc895f88e6a6cb5c5609de49759ea1a6e31646f86ca8e18d90bea0455c4caa466fc9692c1098a1784d2372a358cb68c1eea6
  languageName: node
  linkType: hard

"aws4@npm:^1.6.0":
  version: 1.6.0
  resolution: "aws4@npm:1.6.0"
  checksum: 2/7b2ea441e6e2212cf22e91881a1690f8d36d17b078e46a10dbee805fcd846bc99fc00a718f00bd3bc5eed46c31619505f13972738d763997da3cba8b225e6f6c
  languageName: node
  linkType: hard

"bcrypt-pbkdf@npm:^1.0.0":
  version: 1.0.1
  resolution: "bcrypt-pbkdf@npm:1.0.1"
  dependencies:
    tweetnacl: ^0.14.3
  checksum: 2/594d7e9e44e991702a3f5734fb42bd424856d464b3bb2bbf2715509c08664d743bf45ae9cb6e8d119b944f5c3a3899c2deb16b9bc9008c4004ba68438d0dc836
  languageName: node
  linkType: hard

"bl@npm:^1.2.1":
  version: 1.2.1
  resolution: "bl@npm:1.2.1"
  dependencies:
    readable-stream: ^2.0.5
  checksum: 2/2993dbbc8479a9d72d27cdfa237ab5df75e5fba6d25d401f73e555308408fbbe834c5b08b47f2f01b3f0cd99d1141edf35d584177648ac0e45085a2c1f4049a9
  languageName: node
  linkType: hard

"bluebird@npm:^3.5.0, bluebird@npm:^3.5.1":
  version: 3.5.1
  resolution: "bluebird@npm:3.5.1"
  checksum: 2/11347ec6d59fdb2aca5f2507bbc5f7127bf5a7bb978da30f83469ad43a3fa6b533b24544a9b31e21fd730b77b93b0526e65c73d8fdb11b3b633f4269d75e420a
  languageName: node
  linkType: hard

"body-parser@npm:1.19.0, body-parser@npm:^1.19.0":
  version: 1.19.0
  resolution: "body-parser@npm:1.19.0"
  dependencies:
    bytes: 3.1.0
    content-type: ~1.0.4
    debug: 2.6.9
    depd: ~1.1.2
    http-errors: 1.7.2
    iconv-lite: 0.4.24
    on-finished: ~2.3.0
    qs: 6.7.0
    raw-body: 2.4.0
    type-is: ~1.6.17
  checksum: 2/18c2a81df5eabc7e3541bc9ace394b88e6fbd390989b5e764ff34c3f9dbd097e19986c31baa9b855ec5c2cff2b79157449afb0cdfb97bb99c11d6239b2c47a34
  languageName: node
  linkType: hard

"boom@npm:4.x.x":
  version: 4.3.1
  resolution: "boom@npm:4.3.1"
  dependencies:
    hoek: 4.x.x
  checksum: 2/9c3fc5f959684d0a615ca30a93cdffa299e7c320037c5c74c84a6422dfdc303397633e141710ea3b4992aedb627f8786aa6c4bccf8a4e03a3d073c9dbd46a418
  languageName: node
  linkType: hard

"boom@npm:5.x.x":
  version: 5.2.0
  resolution: "boom@npm:5.2.0"
  dependencies:
    hoek: 4.x.x
  checksum: 2/746d2bc7b0befe8bb9bdacbc52d689078161504bb327b32353a27e9c173249aed1bb18898be658fc17db7563f40c3ab1cd5958557caf8226231cd7692644f344
  languageName: node
  linkType: hard

"bytes@npm:3.1.0":
  version: 3.1.0
  resolution: "bytes@npm:3.1.0"
  checksum: 2/c3f64645ef37922c8194fef88a052de2a28101882dfdf8a225493888c4941a26ea15164957e7492e5c5e3a8e98ee6276f4834efacb68e2d8ad4d91f903250b6c
  languageName: node
  linkType: hard

"caseless@npm:~0.12.0":
  version: 0.12.0
  resolution: "caseless@npm:0.12.0"
  checksum: 2/147f48bff9bebf029d7050e2335da3f8d295f26d157edf08d8c3282c804dae04a462c4cd6efa8179755686aa3aeaca5c28f3e7f3559698bc0484c65e46c36c5b
  languageName: node
  linkType: hard

"co@npm:^4.6.0":
  version: 4.6.0
  resolution: "co@npm:4.6.0"
  checksum: 2/3f22dbbe0f413ff72831d087d853a81d1137093e12e8ec90b4da2bde5c67bc6bff11b6adeb38ca9fa8704b8cd40dba294948bda3c271bccb74669972b840cc1a
  languageName: node
  linkType: hard

"combined-stream@npm:^1.0.5, combined-stream@npm:~1.0.5":
  version: 1.0.5
  resolution: "combined-stream@npm:1.0.5"
  dependencies:
    delayed-stream: ~1.0.0
  checksum: 2/10b10bad7e6ec1b72b87399105741a739bc7216128234b1e2fa7ee51bc1fea156510cb76a9380bbdbc0f503610b05649f682410c1a85702b11cdfc9d74026b0f
  languageName: node
  linkType: hard

"content-disposition@npm:0.5.3":
  version: 0.5.3
  resolution: "content-disposition@npm:0.5.3"
  dependencies:
    safe-buffer: 5.1.2
  checksum: 2/8f1f235c0423be68023df7f5a3948601d859ce44ee94e1d0fa2a97383bd469e789320b6ddf6f31b3620605c75cf771522df11386f51aff401e5d51b6ccfde3e2
  languageName: node
  linkType: hard

"content-type@npm:~1.0.4":
  version: 1.0.4
  resolution: "content-type@npm:1.0.4"
  checksum: 2/ff6e19cbf281c23d5608723a6dc60ac97e2280bd4d21602511283112321e6c1555895e395555e367672b54a0f1585276284b7c3c8be313aca73902ac2f2609fd
  languageName: node
  linkType: hard

"cookie-signature@npm:1.0.6":
  version: 1.0.6
  resolution: "cookie-signature@npm:1.0.6"
  checksum: 2/305054e102eebd0a483c63aefdc3abf54a9471bed5eb12be56c0dcf35a94110b8a13139b27751ab07a5ef09e9f4190ee67f71e9d3acf1748e6e2f1aed338c987
  languageName: node
  linkType: hard

"cookie@npm:0.4.0":
  version: 0.4.0
  resolution: "cookie@npm:0.4.0"
  checksum: 2/7aaef4b642c533600fdd001d963a507dfcd814267503374e51d9743475d024feeff8b0b4ddd0777a25791a2efbdfd8bc4a0fe0696104efa195e8f8584807d410
  languageName: node
  linkType: hard

"core-util-is@npm:1.0.2, core-util-is@npm:~1.0.0":
  version: 1.0.2
  resolution: "core-util-is@npm:1.0.2"
  checksum: 2/089015ee3c462dfceba70faa1df83b42a7bb35db26dae6af283247b06fe3216c65fccd9f00eebcaf98300dc31e981d56aae9f90b624f8f6ff1153e235ff88b65
  languageName: node
  linkType: hard

"cors@npm:^2.8.5":
  version: 2.8.5
  resolution: "cors@npm:2.8.5"
  dependencies:
    object-assign: ^4
    vary: ^1
  checksum: 2/c83e88c15428b87ff55853ec5ce961b650c7aa3de536aadebbeb2334872d86a8be57165a77996f3b746366c950c2d51624a9b76b88fb7f18d178eca051ca1ae2
  languageName: node
  linkType: hard

"cryptiles@npm:3.x.x":
  version: 3.1.4
  resolution: "cryptiles@npm:3.1.4"
  dependencies:
    boom: 5.x.x
  checksum: 2/5ec67cf91656268f74db323290d2a7969b73160bf2535010acdb550f4c895f1f1076710caf3e40b5799d56ffe68b997f6bc90dd76b8b44f268306d1d0db51ee7
  languageName: node
  linkType: hard

"dashdash@npm:^1.12.0":
  version: 1.14.1
  resolution: "dashdash@npm:1.14.1"
  dependencies:
    assert-plus: ^1.0.0
  checksum: 2/5959409ee42dc4bdbf3fa384b801ece580ca336658bb0342ffab0099b3fc6bf9b3e239e1b82dcc4fcaeee315353e08f2eae47b0928a6a579391598c44958afa1
  languageName: node
  linkType: hard

"debug@npm:2.6.9":
  version: 2.6.9
  resolution: "debug@npm:2.6.9"
  dependencies:
    ms: 2.0.0
  checksum: 2/559f44f98cf25e2ee489022aec173afbff746564cb108c4493becb95bc3c017a67bdaa25a0ff64801fd32c35051d00af0e56cc7f762ae2c3bc089496e5a1c31b
  languageName: node
  linkType: hard

"debug@npm:^3.1.0":
  version: 3.1.0
  resolution: "debug@npm:3.1.0"
  dependencies:
    ms: 2.0.0
  checksum: 2/1295acd5e0531761255661d325cd0a80ac8c5f6de8942a53bb23c2197ccb97526972de662ed0e5d9393be83f3428a298a6e7185ecb02f0da6282019cd2ffb4a8
  languageName: node
  linkType: hard

"define-properties@npm:^1.1.2":
  version: 1.1.2
  resolution: "define-properties@npm:1.1.2"
  dependencies:
    foreach: ^2.0.5
    object-keys: ^1.0.8
  checksum: 2/0d19a2be82bdea626d6f9dcdc87d5d57320c4492de06d97c422019e534b073d24687b61a1277466f3ea27faea1e8c3394bed4e41fb9218bae9f4657746226f74
  languageName: node
  linkType: hard

"delayed-stream@npm:~1.0.0":
  version: 1.0.0
  resolution: "delayed-stream@npm:1.0.0"
  checksum: 2/d9dfb0a7c79fd308fada9db2cf29d1ff22047ceb50dd78f7e3c173567909b438f418259cb76a6d9c9f513e88ef41d3a14154f618741ec8368c3efeff616d0c9f
  languageName: node
  linkType: hard

"depd@npm:^1.1.1, depd@npm:~1.1.2":
  version: 1.1.2
  resolution: "depd@npm:1.1.2"
  checksum: 2/f45566ff7019a346852f095768a380778ed544de24e103b479fd5d3e61982d670efbb5234c09d0588d7fdb09c26c48283d7150e4be5e6ce5d3d37cd268d75c4d
  languageName: node
  linkType: hard

"destroy@npm:~1.0.4":
  version: 1.0.4
  resolution: "destroy@npm:1.0.4"
  checksum: 2/5a516fc5a8a8089eecdac11da2339353542be7a71102dc5a1372ef6161501bf5c1ee59ff9f8a3f5f14cc8c88594d606f855f816d46a228ee5e0e5cb2b543534b
  languageName: node
  linkType: hard

"dotenv@npm:^8.2.0":
  version: 8.2.0
  resolution: "dotenv@npm:8.2.0"
  checksum: 2/16cb89cbd7b98b053899b8aba8c5044c8fb61a2db8a81fe70360b75035fce5fed53bd7a34d772be717d0880c0321122a4c09423f518025e1b52d96791521b1a7
  languageName: node
  linkType: hard

"ecc-jsbn@npm:~0.1.1":
  version: 0.1.1
  resolution: "ecc-jsbn@npm:0.1.1"
  dependencies:
    jsbn: ~0.1.0
  checksum: 2/388762d382b76ebabcda71cb103b2c1eec38ad7237966e66307a213390dd5d55cd7826a1afd66dc96460f620bd18f6ceb618ec9c0b57aa077b8f30e0f0a5b9dd
  languageName: node
  linkType: hard

"ee-first@npm:1.1.1":
  version: 1.1.1
  resolution: "ee-first@npm:1.1.1"
  checksum: 2/ba74f91398e3ee3b6d665b2f0d13ad6530e89a7e64ec886a6eec0602fb8a5a274652960e21bd5d4b42fdeb9017d873ff872f50342d38779e955285977edb337c
  languageName: node
  linkType: hard

"encodeurl@npm:~1.0.2":
  version: 1.0.2
  resolution: "encodeurl@npm:1.0.2"
  checksum: 2/6ee5fcbcd245d2a2b6bd6fe36b80f91e31ab46e29192c50af00e8f860c0c2310ebbdaae40257878fdce90b42abcb3526895c7c3a2e229461ed1f0d0b5a020fc8
  languageName: node
  linkType: hard

"end-of-stream@npm:^1.1.0":
  version: 1.4.1
  resolution: "end-of-stream@npm:1.4.1"
  dependencies:
    once: ^1.4.0
  checksum: 2/0cef172d2a83a4d704c0ac5bc0e7db400c45d379fa9e93279450a25753afa3f5a6b8a8b35fbc0f5f153130647bd83ace33926f90807b7ded8b8b91cf602691b9
  languageName: node
  linkType: hard

"es-abstract@npm:^1.5.0":
  version: 1.10.0
  resolution: "es-abstract@npm:1.10.0"
  dependencies:
    es-to-primitive: ^1.1.1
    function-bind: ^1.1.1
    has: ^1.0.1
    is-callable: ^1.1.3
    is-regex: ^1.0.4
  checksum: 2/f3eccb995229f2a7ae1658ffc54d1de19e537f03bd5b2cc218e90fb66186c25bedf7963b8bab5e46528aa244eebd3bac0a26f17940e105d5d90abf51b092ad42
  languageName: node
  linkType: hard

"es-to-primitive@npm:^1.1.1":
  version: 1.1.1
  resolution: "es-to-primitive@npm:1.1.1"
  dependencies:
    is-callable: ^1.1.1
    is-date-object: ^1.0.1
    is-symbol: ^1.0.1
  checksum: 2/41745596abd4c78891c0374bffce72769a4615c224c6fb057b3dc0d1628be6c73cb3a49a6d48c079ea05b71c71852f97df5d4158ea4c2cbd8676b276bc3ec0ef
  languageName: node
  linkType: hard

"escape-html@npm:~1.0.3":
  version: 1.0.3
  resolution: "escape-html@npm:1.0.3"
  checksum: 2/900a7f2b80b9f89c85b7a303d1b7a4d354b93e328871414f165f13c5c209a80eab787e3a63429e596877def69fe4dcb3d1b55af655207a901a9ec99f7f148743
  languageName: node
  linkType: hard

"etag@npm:~1.8.1":
  version: 1.8.1
  resolution: "etag@npm:1.8.1"
  checksum: 2/f18341a3c12a554ec46c0d4756bc9cae177e92f25a4ebd9ceefebf0ee448b675972fc110879f22b1bf514174713921ae5de9ff77af2062d422b1085588465a57
  languageName: node
  linkType: hard

"eventemitter3@npm:^3.0.0":
  version: 3.0.0
  resolution: "eventemitter3@npm:3.0.0"
  checksum: 2/556eff4b662f859f58bfacd0c59173dc7cb3af739b7cdfddbb24a231407bcddba40aa3510d51d951c438a85a778eacf1e94e5548ce03d52df8fcbae3627cde96
  languageName: node
  linkType: hard

"express@npm:^4.17.1":
  version: 4.17.1
  resolution: "express@npm:4.17.1"
  dependencies:
    accepts: ~1.3.7
    array-flatten: 1.1.1
    body-parser: 1.19.0
    content-disposition: 0.5.3
    content-type: ~1.0.4
    cookie: 0.4.0
    cookie-signature: 1.0.6
    debug: 2.6.9
    depd: ~1.1.2
    encodeurl: ~1.0.2
    escape-html: ~1.0.3
    etag: ~1.8.1
    finalhandler: ~1.1.2
    fresh: 0.5.2
    merge-descriptors: 1.0.1
    methods: ~1.1.2
    on-finished: ~2.3.0
    parseurl: ~1.3.3
    path-to-regexp: 0.1.7
    proxy-addr: ~2.0.5
    qs: 6.7.0
    range-parser: ~1.2.1
    safe-buffer: 5.1.2
    send: 0.17.1
    serve-static: 1.14.1
    setprototypeof: 1.1.1
    statuses: ~1.5.0
    type-is: ~1.6.18
    utils-merge: 1.0.1
    vary: ~1.1.2
  checksum: 2/c4b470d623152c148e874b08d4afc35ea9498547c31a6ff6dae767ae11e3a59508a299732e9f45bfa2885685fbe2b75ca360862977798dfcec28ff2a4260eab2
  languageName: node
  linkType: hard

"extend@npm:~3.0.1":
  version: 3.0.2
  resolution: "extend@npm:3.0.2"
  checksum: 2/1406da1f0c4b00b839497e4cdd0ec4303ce2ae349144b7c28064a5073c93ce8c08da4e8fb1bc5cb459ffcdff30a35fc0fe54344eb88320e70100c1baea6f195c
  languageName: node
  linkType: hard

"extsprintf@npm:1.3.0":
  version: 1.3.0
  resolution: "extsprintf@npm:1.3.0"
  checksum: 2/892efd56aa9b27cbfbca42ad0c59308633f66000e71d1fb19c6989ea7309b32f3ff281778871bd2ce9bc7f3ad02515aa2783cea0323d0f6ff840b7c6a6a4603e
  languageName: node
  linkType: hard

"extsprintf@npm:^1.2.0":
  version: 1.4.0
  resolution: "extsprintf@npm:1.4.0"
  checksum: 2/092e011574324c5cddd78b5a27f869c2703613c1140eb7763aef8f5b0e33769a9b4c7dbcc50acd39b6afebe79bf66adcec73bf3c84e095c5bcfb42306d128ad0
  languageName: node
  linkType: hard

"fast-deep-equal@npm:^1.0.0":
  version: 1.0.0
  resolution: "fast-deep-equal@npm:1.0.0"
  checksum: 2/853ba9fe1b673fc7b859cce61815754e3204438ada3c6e1a6293231eea9d497a9e5db32f7b128ee398db0b27223db2aef95b151ada1f6630f1004ab0e3514d53
  languageName: node
  linkType: hard

"fast-json-stable-stringify@npm:^2.0.0":
  version: 2.0.0
  resolution: "fast-json-stable-stringify@npm:2.0.0"
  checksum: 2/6e7fe3b81314f96510fa335fd477858901497edade753f9a0c87201eb78189347346eed346a95608e882c1c41594736afd3fcf0bc6c3a8bacc69d76ed5f481af
  languageName: node
  linkType: hard

"file-type@npm:^3.9.0":
  version: 3.9.0
  resolution: "file-type@npm:3.9.0"
  checksum: 2/e2167e322111e54edf8845c351fa29d7faf35d25e7856c2a560f8c295702b4182ff579d8d721638d5d0f8d06e6a9b5ab05ac3944d353378129a6dda4296d10d1
  languageName: node
  linkType: hard

"finalhandler@npm:~1.1.2":
  version: 1.1.2
  resolution: "finalhandler@npm:1.1.2"
  dependencies:
    debug: 2.6.9
    encodeurl: ~1.0.2
    escape-html: ~1.0.3
    on-finished: ~2.3.0
    parseurl: ~1.3.3
    statuses: ~1.5.0
    unpipe: ~1.0.0
  checksum: 2/f2e5b6bfe2201f13e74408530a7f354b7846ab3e648b3dde4f8ed3b773c8a743c16b0f378cb5113df7fef84c5be364bb1a3655f0a75571f163c982289fbd9671
  languageName: node
  linkType: hard

"foreach@npm:^2.0.5":
  version: 2.0.5
  resolution: "foreach@npm:2.0.5"
  checksum: 2/890d6c3dec185be6b1f7a94003d67d1b36a068fd7ac5a89f92818c3459d7d43e040a0b228a632e2e50d8a5aa804da6a5d27258ccbc1b7b724fe39eea3834f240
  languageName: node
  linkType: hard

"forever-agent@npm:~0.6.1":
  version: 0.6.1
  resolution: "forever-agent@npm:0.6.1"
  checksum: 2/9cc0054dd4ea5fc26e014b8c929d1fb9247e931e81165cbd965a712061d65fb84791b2124f64cd79492e516662b94068d29fe1d824732382237321b3f61955fe
  languageName: node
  linkType: hard

"form-data@npm:~2.3.1":
  version: 2.3.1
  resolution: "form-data@npm:2.3.1"
  dependencies:
    asynckit: ^0.4.0
    combined-stream: ^1.0.5
    mime-types: ^2.1.12
  checksum: 2/4cfa47325ac816d3051a4645cddf15c963f8973007f1b8da3c8dc430fa61bbf7a06546bb6aadbdc19d008588615f0b6dd82a37fbcd0960a134a219187fc75063
  languageName: node
  linkType: hard

"forwarded@npm:~0.1.2":
  version: 0.1.2
  resolution: "forwarded@npm:0.1.2"
  checksum: 2/568d862ad1c514813fc62dc1bd58b8669b16d4ee2e634a6fc71f4849df798883ab94e63d8e1b35a17af51b2b39ca869e672c7310efe42fc7b9bad43a80b5ff87
  languageName: node
  linkType: hard

"fresh@npm:0.5.2":
  version: 0.5.2
  resolution: "fresh@npm:0.5.2"
  checksum: 2/2f76c8505d1ea5a6d5accea3e7aff0b796bfa43364c84929254f33909fa08640948bd1728220d1ff5f4c2b378a65e97da647f2fe0f2b7ddb44001f6e0dc2e91f
  languageName: node
  linkType: hard

"function-bind@npm:^1.0.2, function-bind@npm:^1.1.1":
  version: 1.1.1
  resolution: "function-bind@npm:1.1.1"
  checksum: 2/ffad86e7d2010ba179aaa6a3987d2cc0ed48fa92d27f1ed84bfa06d14f77deeed5bfbae7f00bdebc0c54218392cab2b18ecc080e2c72f592431927b87a27d42b
  languageName: node
  linkType: hard

"getpass@npm:^0.1.1":
  version: 0.1.7
  resolution: "getpass@npm:0.1.7"
  dependencies:
    assert-plus: ^1.0.0
  checksum: 2/2650725bc6939616da8432e5351ca87d8b29421bb8dc19c21bad2c37cd337d2a50d36fcc398ce0c16a075f6079afe114131780dca7e2f4b96063e53e7d28fd7a
  languageName: node
  linkType: hard

"har-schema@npm:^2.0.0":
  version: 2.0.0
  resolution: "har-schema@npm:2.0.0"
  checksum: 2/e27ac33a968b8a3b2cc32e53afaec8aa795d08b058ef9b09b3bbce74db7ecadcabf60a6186e3bb901335d2c72bbf9e2af59429d736b5e80dc0edf18b3e1c5860
  languageName: node
  linkType: hard

"har-validator@npm:~5.0.3":
  version: 5.0.3
  resolution: "har-validator@npm:5.0.3"
  dependencies:
    ajv: ^5.1.0
    har-schema: ^2.0.0
  checksum: 2/e02e6c6e37f51244d1cadb9591c9ba265530cb4fb6bdb8f4521f07294e240a74d9c04bc3419081f1d59b03be150e079b47e3d2ba3b48b0ee60b6e94a5553e5ce
  languageName: node
  linkType: hard

"has@npm:^1.0.1":
  version: 1.0.1
  resolution: "has@npm:1.0.1"
  dependencies:
    function-bind: ^1.0.2
  checksum: 2/a743f804b4d1d4636e592aa9fe90c01f07155aa9e671674cf7b54090983f19fadef1dda9e3e93bc40cc1c7862546a491e012d0e02d7f2ec37a0720ca33f08797
  languageName: node
  linkType: hard

"hawk@npm:~6.0.2":
  version: 6.0.2
  resolution: "hawk@npm:6.0.2"
  dependencies:
    boom: 4.x.x
    cryptiles: 3.x.x
    hoek: 4.x.x
    sntp: 2.x.x
  checksum: 2/734a32369e741139009cbac83846a12641fb784760b2a445deb092676872056c36d3f934510653a009ea3ec64c2d15e456e9fecf38575a135dba498b7b5aafca
  languageName: node
  linkType: hard

"hoek@npm:4.x.x":
  version: 4.2.1
  resolution: "hoek@npm:4.2.1"
  checksum: 2/38f6c7a1e6bc7783d88b2878e9157507ff637252c93b4b7de524fc637584fd52d6c188e82baafc95baf5fcf9616558d60618f309b71f77d891a87bfd9559b8de
  languageName: node
  linkType: hard

"http-errors@npm:1.7.2, http-errors@npm:~1.7.2":
  version: 1.7.2
  resolution: "http-errors@npm:1.7.2"
  dependencies:
    depd: ~1.1.2
    inherits: 2.0.3
    setprototypeof: 1.1.1
    statuses: ">= 1.5.0 < 2"
    toidentifier: 1.0.0
  checksum: 2/8ce4a4af05a3652c81768a2754ced24b86ff62e7bee147a27b6ef8cde24e7a48f9fbfcb87ec6f67781879b95f1b35d3f8d6378e8555eb7d469ce875f4e184418
  languageName: node
  linkType: hard

"http-signature@npm:~1.2.0":
  version: 1.2.0
  resolution: "http-signature@npm:1.2.0"
  dependencies:
    assert-plus: ^1.0.0
    jsprim: ^1.2.2
    sshpk: ^1.7.0
  checksum: 2/d28227eed37cb0dae0e76c46b2a5e611c678808433e5642238f17dba7f2c9c8f8d1646122d57ec1a110ecc7e8b9f5b7aa0462f1e2a5fa3b41f2fca5a69af7edf
  languageName: node
  linkType: hard

"iconv-lite@npm:0.4.24":
  version: 0.4.24
  resolution: "iconv-lite@npm:0.4.24"
  dependencies:
    safer-buffer: ">= 2.1.2 < 3"
  checksum: 2/a9b9521066ee81853a8561e92bd7240bc5d3b7d5ef7da807a475e7858b0246e318b6af518c30a20a8749ef5eafeaa9631079446e4e696c7b60f468b34dc2cbfc
  languageName: node
  linkType: hard

"inherits@npm:2.0.3, inherits@npm:~2.0.3":
  version: 2.0.3
  resolution: "inherits@npm:2.0.3"
  checksum: 2/9488f9433effbc24474f6baee8014e5337c7f99305ecb4204fa5864ae7655c24225780d87fc65ed8d3d374715a18c5dc8c69fe3bf9745cde2e7acd0ac068a07b
  languageName: node
  linkType: hard

"ipaddr.js@npm:1.9.0":
  version: 1.9.0
  resolution: "ipaddr.js@npm:1.9.0"
  checksum: 2/2fb82d47626b8230e4c412eb6bae3bb8c43dabaa39df3fa60bfd1b98f6ffdd6c80d6821d1029432efb9c9655ddea1168f7fd6f7aeaf2f6f906f6e20df5beded2
  languageName: node
  linkType: hard

"is-callable@npm:^1.1.1, is-callable@npm:^1.1.3":
  version: 1.1.3
  resolution: "is-callable@npm:1.1.3"
  checksum: 2/00bf8c0ff2ef3f7a525aa59ffad2e0d4dbb9ebe3b11d3b0e3e88e5163d3f3a6ef86b53ed185ddc30ce207223bdda719bd57d443319f01a99ecd55220273086a6
  languageName: node
  linkType: hard

"is-date-object@npm:^1.0.1":
  version: 1.0.1
  resolution: "is-date-object@npm:1.0.1"
  checksum: 2/37565cd56105fa2ce2816a04f50c3518efc886a2d712e50f47d86dcf9877f6bf6aa2d6953310399afe98ae79051a5b187e172783e6db264fac6e1c6636d1f4d9
  languageName: node
  linkType: hard

"is-regex@npm:^1.0.4":
  version: 1.0.4
  resolution: "is-regex@npm:1.0.4"
  dependencies:
    has: ^1.0.1
  checksum: 2/a38cc3d91b80a60fc8984d13972ce99487575febe28c67b8aa8c76d0d00717ff44d266d33153a6a6d33f0da17d8f0cb757c8bd0acc3354911be712849dfee13c
  languageName: node
  linkType: hard

"is-symbol@npm:^1.0.1":
  version: 1.0.1
  resolution: "is-symbol@npm:1.0.1"
  checksum: 2/a86511b8b1377747a7587fd65ce2ea32fc4060795abefb146ee2bd343c054f7b5043002a7727cfd07dc2a74d69824ea90b8bbe63ad999bbc596c0ac2c9eb6b69
  languageName: node
  linkType: hard

"is-typedarray@npm:~1.0.0":
  version: 1.0.0
  resolution: "is-typedarray@npm:1.0.0"
  checksum: 2/4e21156e7360a5916eded35c5938adf6278299a8055640864eebb251e4351cd605beccddf9af27477e19f753d453412fe0c21379bb54b55cfdf5add263076959
  languageName: node
  linkType: hard

"isarray@npm:~1.0.0":
  version: 1.0.0
  resolution: "isarray@npm:1.0.0"
  checksum: 2/b0ff31a290e783f7b3fb73f2951ee7fc2946dc197b05f73577dc77f87dc3be2e0f66007bedf069123d4e5c4b691e7c89a241f6ca06f0c0f4765cdac5aa4b4047
  languageName: node
  linkType: hard

"isstream@npm:~0.1.2":
  version: 0.1.2
  resolution: "isstream@npm:0.1.2"
  checksum: 2/8e6e5c4cf1823562db7035d2e7bac388412060fe9bc6727eca8c608def5aa57709165c51c2e68a2fce6ff0b64d79489501b84715060c5e8a477b87b6cbcd1eca
  languageName: node
  linkType: hard

"jsbn@npm:~0.1.0":
  version: 0.1.1
  resolution: "jsbn@npm:0.1.1"
  checksum: 2/b530d48a64e6aff9523407856a54c5b9beee30f34a410612057f4fa097d90072fc8403c49604dacf0c3e7620dca43c2b7f0de3f954af611e43716a254c46f6f5
  languageName: node
  linkType: hard

"json-schema-traverse@npm:^0.3.0":
  version: 0.3.1
  resolution: "json-schema-traverse@npm:0.3.1"
  checksum: 2/0e3c0664cfd1a2416c80d941144d83e37a01bb95c6e19b4ba27eda0c75b95cd2256456a9434b2830a7ef6bbeccd90cfec7cdac06ef7bd4d240d31d97b36f5abe
  languageName: node
  linkType: hard

"json-schema@npm:0.2.3":
  version: 0.2.3
  resolution: "json-schema@npm:0.2.3"
  checksum: 2/d382ea841f0af5cf6ae3b63043c6ddbd144086de52342b5dd32d8966872dce1e0ed280f6b27c5fba97e50cf8640f27b593e039cb95df365718ada03ef0feb9f2
  languageName: node
  linkType: hard

"json-stringify-safe@npm:~5.0.1":
  version: 5.0.1
  resolution: "json-stringify-safe@npm:5.0.1"
  checksum: 2/261dfb8eb3e72c8b0dda11fd7c20c151ffc1d1b03e529245d51708c8dd8d8c6a225880464adf41a570dff6e5c805fd9d1f47fed948cfb526e4fbe5a67ce4e5f4
  languageName: node
  linkType: hard

"jsprim@npm:^1.2.2":
  version: 1.4.1
  resolution: "jsprim@npm:1.4.1"
  dependencies:
    assert-plus: 1.0.0
    extsprintf: 1.3.0
    json-schema: 0.2.3
    verror: 1.10.0
  checksum: 2/ee0177b7ef39e6becf18c586d31fabe15d62be88e7867d3aff86466e4a3de9a2cd47b6e597417aebc1cd3c2d43bc662e79ab5eecdadf3ce0643e909432ed6d2c
  languageName: node
  linkType: hard

"lodash@npm:^4.13.1":
  version: 4.17.15
  resolution: "lodash@npm:4.17.15"
  checksum: 2/aec3fbb7570aa67bda500b8299b1b1821d60646bede87f76a74dfcc7666ab3445267d734ec71424d70809d52ad67a1356fab5ab694a3faa1908d68e9d48f00f5
  languageName: node
  linkType: hard

"media-typer@npm:0.3.0":
  version: 0.3.0
  resolution: "media-typer@npm:0.3.0"
  checksum: 2/be1c825782df7f38eebd451d778f6407bb15a59c8807a69e7f2ad74a25440e474536441c6bf583fdf2803ea23b866e91ff68f565cda297211dd89147758c8df3
  languageName: node
  linkType: hard

"merge-descriptors@npm:1.0.1":
  version: 1.0.1
  resolution: "merge-descriptors@npm:1.0.1"
  checksum: 2/2d2a09eaac840a7ceac7a13b44b7c8abf3ecccd93a609c3525d8290cb5d814336cc7c0b1dd485ae3bc471ed354eeefb153475ce2e1604ccdf79eebe74021c192
  languageName: node
  linkType: hard

"methods@npm:~1.1.2":
  version: 1.1.2
  resolution: "methods@npm:1.1.2"
  checksum: 2/450e4ea0fd4a0f3de8c0593d753c7d6c8f2ee49766f5ef35c68cc2ac41699d5e295b7d6330fc2b7271b8569a07857e3eb0b5df0599a353c5808265b4b5066168
  languageName: node
  linkType: hard

"mime-db@npm:1.40.0":
  version: 1.40.0
  resolution: "mime-db@npm:1.40.0"
  checksum: 2/3b1563f7bed054338781ca71bc10099d3bcd6a7d74d9cd3d7cbfb7f58486f387aa7948dcf5eac4974c13000bd1961c02fa87090db5313bf99f6511aeab63df7b
  languageName: node
  linkType: hard

"mime-db@npm:~1.30.0":
  version: 1.30.0
  resolution: "mime-db@npm:1.30.0"
  checksum: 2/d7269515d4093378d62482d113733f4884111ec2e9d22bcc50d703506bf286b846b2e43aa188afb52709baacba03013487b58536fc3825f02ddde72823e734de
  languageName: node
  linkType: hard

"mime-types@npm:^2.1.12, mime-types@npm:~2.1.17":
  version: 2.1.17
  resolution: "mime-types@npm:2.1.17"
  dependencies:
    mime-db: ~1.30.0
  checksum: 2/55fdf13b7578a3eb443d93fd2398525198a739dcf7a981029d90ba4d0ed971a560e7633b081450865e0efc28969ea8beced4551b1b68d93596e71249357e406a
  languageName: node
  linkType: hard

"mime-types@npm:~2.1.24":
  version: 2.1.24
  resolution: "mime-types@npm:2.1.24"
  dependencies:
    mime-db: 1.40.0
  checksum: 2/4046efa4d85f77580f0459f3cb9f103648880933b09836b0ae8301bad6b5a209696097122668b6a97624f8a5c69e6bebdeda1c425479f110a258018951d0c147
  languageName: node
  linkType: hard

"mime@npm:1.6.0, mime@npm:^1.6.0":
  version: 1.6.0
  resolution: "mime@npm:1.6.0"
  bin:
    mime: cli.js
  checksum: 2/d540c24dd3e3a9e25e813714e55ff2f7841a3a1a47aed9786c508bd0251653d5e9abbfb1163c0c6e1be99f872d7fa1538c068bd6e306e9cb12dd9affa841a61e
  languageName: node
  linkType: hard

"ms@npm:2.0.0":
  version: 2.0.0
  resolution: "ms@npm:2.0.0"
  checksum: 2/1a230340cc7f322fbe916783d8c8d60455407c6b7fb7f901d6ee34eb272402302c5c7f070a97b8531245cbb4ca6a0a623f6a128d7e5a5440cefa2c669c0b35bb
  languageName: node
  linkType: hard

"ms@npm:2.1.1":
  version: 2.1.1
  resolution: "ms@npm:2.1.1"
  checksum: 2/81ad38c74df2473ce9fbed8bb71a00220c3d9e237ebd576306c9f6ca3221b251d602c7d199808944be1a3d7cda5883e72c77adb473734ba30f6e032165e05ebc
  languageName: node
  linkType: hard

"negotiator@npm:0.6.2":
  version: 0.6.2
  resolution: "negotiator@npm:0.6.2"
  checksum: 2/4b230bd15f0862d16c54ce0243fcfcf835ad59c8e58c467b4504dd28c9868cff71ff485b02cc575dc69dca819b58a1fadc9fb28403f45721f38a8fffde007d54
  languageName: node
  linkType: hard

"node-telegram-bot-api@npm:^0.40.0":
  version: 0.40.0
  resolution: "node-telegram-bot-api@npm:0.40.0"
  dependencies:
    array.prototype.findindex: ^2.0.2
    bl: ^1.2.1
    bluebird: ^3.5.1
    debug: ^3.1.0
    depd: ^1.1.1
    eventemitter3: ^3.0.0
    file-type: ^3.9.0
    mime: ^1.6.0
    pump: ^2.0.0
    request: ^2.83.0
    request-promise: ^4.2.2
  checksum: 2/ab789c8a308eea03edcee3d6a15e6e53f94308aa8de90905948895955f126f4e1d72282b04b306971e3a5bf4ca21455c3139a43f8ecd1e409e391d9ab27bd577
  languageName: node
  linkType: hard

"notify@workspace:.":
  version: 0.0.0-use.local
  resolution: "notify@workspace:."
  dependencies:
    body-parser: ^1.19.0
    cors: ^2.8.5
    dotenv: ^8.2.0
    express: ^4.17.1
    node-telegram-bot-api: ^0.40.0
  languageName: unknown
  linkType: soft

"oauth-sign@npm:~0.8.2":
  version: 0.8.2
  resolution: "oauth-sign@npm:0.8.2"
  checksum: 2/0977ded5f411a8d5294d5f6fcee9f8f7cf39455af9d05b37f0f0dab37ad75b79516073104e44e38a93f3c21a7abff712c5820ccb8e73b22491eca1162ed0fed9
  languageName: node
  linkType: hard

"object-assign@npm:^4":
  version: 4.1.1
  resolution: "object-assign@npm:4.1.1"
  checksum: 2/66cf021898fc1b13ea573ea8635fbd5a76533f50cecbc2fcd5eee1e8029af41bcebe7023788b6d0e06cbe4401ecea075d972f78ec74467cdc571a0f1a4d1a081
  languageName: node
  linkType: hard

"object-keys@npm:^1.0.8":
  version: 1.0.11
  resolution: "object-keys@npm:1.0.11"
  checksum: 2/adf332e4bdfd2f83f82f906f5a9e07c33fe83935bdd09df676d68ccc5a16fd36b4ade80b31dab888621fd7c955908ccf7b3651939586d27a9dfb246f6ec7f3ab
  languageName: node
  linkType: hard

"on-finished@npm:~2.3.0":
  version: 2.3.0
  resolution: "on-finished@npm:2.3.0"
  dependencies:
    ee-first: 1.1.1
  checksum: 2/362e64608287d31ffd96a15fb9305a410b3e4d07c86f277fae907e38af46bc6f5ff948de90eabb81dc5632ca7f9a290085acc5410c378053dfa9860451d97ee5
  languageName: node
  linkType: hard

"once@npm:^1.3.1, once@npm:^1.4.0":
  version: 1.4.0
  resolution: "once@npm:1.4.0"
  dependencies:
    wrappy: 1
  checksum: 2/57afc246536cf6494437f982b26475f22bee860f8b77ce8eb1543f42a8bffe04b2c66ddfea9a16cb25ccb80943f8ee4fc639367ef97b7a6a4f2672eb573963f5
  languageName: node
  linkType: hard

"parseurl@npm:~1.3.3":
  version: 1.3.3
  resolution: "parseurl@npm:1.3.3"
  checksum: 2/52c9e86cb58e38b28f1a50a6354d16648974ab7a2b91b209f97102840471de8adf524427774af6d5bc482fb7c0a6af6ba08ab37de9a1a7ae389ebe074015914b
  languageName: node
  linkType: hard

"path-to-regexp@npm:0.1.7":
  version: 0.1.7
  resolution: "path-to-regexp@npm:0.1.7"
  checksum: 2/342fdb0ca48415d6eccdbe6d4180fd0fa4786ccc96ab3f74fcdf7acfc99e075af25e6077c8086c341dcfb4f5f84401ecd21e6cd7b24e0c3b556fb7ffb2570da7
  languageName: node
  linkType: hard

"performance-now@npm:^2.1.0":
  version: 2.1.0
  resolution: "performance-now@npm:2.1.0"
  checksum: 2/bb4ebed0b03d6c3ad3ae4eddd1182c895d385cff9096af441c19c130aaae3ea70229438ebc3297dfc52c86022f6becf177a810050823d01bf5280779cd2de624
  languageName: node
  linkType: hard

"process-nextick-args@npm:~1.0.6":
  version: 1.0.7
  resolution: "process-nextick-args@npm:1.0.7"
  checksum: 2/56443cdac8ecd7b0d387348c7d571ffd18b0177ec32919fa7b2bde9bd4d3665551180e388edb829cdea5d0c3ffabcacb2abbb1edd92d8fa62d1f0b94e4e92257
  languageName: node
  linkType: hard

"proxy-addr@npm:~2.0.5":
  version: 2.0.5
  resolution: "proxy-addr@npm:2.0.5"
  dependencies:
    forwarded: ~0.1.2
    ipaddr.js: 1.9.0
  checksum: 2/432cb36057d71b4c97cf293e874db34c4358a2505085d5d7a99962c4b59d3d94bd99e1cc246f5664c5bc98e97504fa77ed451b66899c2d118ebe1fb29779900c
  languageName: node
  linkType: hard

"pump@npm:^2.0.0":
  version: 2.0.0
  resolution: "pump@npm:2.0.0"
  dependencies:
    end-of-stream: ^1.1.0
    once: ^1.3.1
  checksum: 2/5b9f20801ab8a1a09acbcca5df4dcf3a1de5f83455876f2b730fe7e6b877f7a6503e50a9b678890f2b09da8a5b3e78fcad679a78d1d2f531249ab41b72452157
  languageName: node
  linkType: hard

"punycode@npm:^1.4.1":
  version: 1.4.1
  resolution: "punycode@npm:1.4.1"
  checksum: 2/5ce1e044cee2b12f1c65ccd523d7e71d6578f2c77f5c21c2e7a9d588535559c9508571d42638c131dab93cbe9a7b37bce1a7475d43fc8236c99dfe1efc36cfa5
  languageName: node
  linkType: hard

"qs@npm:6.7.0":
  version: 6.7.0
  resolution: "qs@npm:6.7.0"
  checksum: 2/8590470436ff0a75ae35e6b45fd7260e2beb537ff8ec1104f9703a349b09ce1aa27e8e1c06b9ad25ac62fc098e12cc65df93042a233128a0276ccd6de4c7819a
  languageName: node
  linkType: hard

"qs@npm:~6.5.1":
  version: 6.5.2
  resolution: "qs@npm:6.5.2"
  checksum: 2/fa0410eff2c05ce3328e11f82db4015e7819c986ee056d6b62b06ae112f4929af09ea3b879ca168ff9f0338f50972bba487ad0e46c879e42bfaf63c3c2ea7f09
  languageName: node
  linkType: hard

"range-parser@npm:~1.2.1":
  version: 1.2.1
  resolution: "range-parser@npm:1.2.1"
  checksum: 2/05074f5b23dbdc24acdae9821dd684fbc9c0d770cdaa4469ab529d8e0fc1338aa33561a4c7c14a1f9bdcb3b5e9a3770e5a80318258a72289a7ef05fcda72a707
  languageName: node
  linkType: hard

"raw-body@npm:2.4.0":
  version: 2.4.0
  resolution: "raw-body@npm:2.4.0"
  dependencies:
    bytes: 3.1.0
    http-errors: 1.7.2
    iconv-lite: 0.4.24
    unpipe: 1.0.0
  checksum: 2/46dc02f8b4f358786d41e18fb55533fbe4702d390e22bbe2b9c98c88dec41cab23ea2315f3ae0bf4bc0213a2872c89943d3df6857f4e21f996ea9d2d92f1bcaa
  languageName: node
  linkType: hard

"readable-stream@npm:^2.0.5":
  version: 2.3.3
  resolution: "readable-stream@npm:2.3.3"
  dependencies:
    core-util-is: ~1.0.0
    inherits: ~2.0.3
    isarray: ~1.0.0
    process-nextick-args: ~1.0.6
    safe-buffer: ~5.1.1
    string_decoder: ~1.0.3
    util-deprecate: ~1.0.1
  checksum: 2/0cd82d4c98e7a0fc04eec2373e32eff50574108c901a4832c0529e09fede8133888a8c9d1820526485a9b12618c0c3ce658d458af25eeadc4e303c8846eca0c8
  languageName: node
  linkType: hard

"request-promise-core@npm:1.1.1":
  version: 1.1.1
  resolution: "request-promise-core@npm:1.1.1"
  dependencies:
    lodash: ^4.13.1
  peerDependencies:
    request: ^2.34
  checksum: 2/390bf8e48617a5ea4969b61476df0561960c84dd6f2612839f312cf975735ef116560a25a76dbbd435ab4dd0c0883f4833b9381c171c53f89ac3115e0cd5541e
  languageName: node
  linkType: hard

"request-promise@npm:^4.2.2":
  version: 4.2.2
  resolution: "request-promise@npm:4.2.2"
  dependencies:
    bluebird: ^3.5.0
    request-promise-core: 1.1.1
    stealthy-require: ^1.1.0
    tough-cookie: ">=2.3.3"
  peerDependencies:
    request: ^2.34
  checksum: 2/b7672238c0b2d0ca9b4edcfc98b876f70b127d20f7a9e1b0598805e9cfe78eed20d4885880b930165fd60933a79b4378e5e8b6ca13bc50fa525c4450ce1af30a
  languageName: node
  linkType: hard

"request@npm:^2.83.0":
  version: 2.83.0
  resolution: "request@npm:2.83.0"
  dependencies:
    aws-sign2: ~0.7.0
    aws4: ^1.6.0
    caseless: ~0.12.0
    combined-stream: ~1.0.5
    extend: ~3.0.1
    forever-agent: ~0.6.1
    form-data: ~2.3.1
    har-validator: ~5.0.3
    hawk: ~6.0.2
    http-signature: ~1.2.0
    is-typedarray: ~1.0.0
    isstream: ~0.1.2
    json-stringify-safe: ~5.0.1
    mime-types: ~2.1.17
    oauth-sign: ~0.8.2
    performance-now: ^2.1.0
    qs: ~6.5.1
    safe-buffer: ^5.1.1
    stringstream: ~0.0.5
    tough-cookie: ~2.3.3
    tunnel-agent: ^0.6.0
    uuid: ^3.1.0
  checksum: 2/9e334fb1899009a9b730f87bebb1f764b0eac57c0c01567280897bd0db9f151855bb959f97c601cb05a63fe3791e55708f1e73d82c5207b75884b219223e28ed
  languageName: node
  linkType: hard

"safe-buffer@npm:5.1.2, safe-buffer@npm:^5.0.1, safe-buffer@npm:^5.1.1, safe-buffer@npm:~5.1.0, safe-buffer@npm:~5.1.1":
  version: 5.1.2
  resolution: "safe-buffer@npm:5.1.2"
  checksum: 2/2708587c1b5e70a5e420714ceb59f30f5791c6e831d39812125a008eca63a4ac18578abd020a0776ea497ff03b4543f2b2a223a7b9073bf2d6c7af9ec6829218
  languageName: node
  linkType: hard

"safer-buffer@npm:>= 2.1.2 < 3, safer-buffer@npm:^2.0.2":
  version: 2.1.2
  resolution: "safer-buffer@npm:2.1.2"
  checksum: 2/549ba83f5b314b59898efe3422120ce1ca7987a6eae5925a5fa5db930dc414d4a9dde0a5594f89638cd6ea60b6840ea961872908933ac2428d1726489db46fa5
  languageName: node
  linkType: hard

"send@npm:0.17.1":
  version: 0.17.1
  resolution: "send@npm:0.17.1"
  dependencies:
    debug: 2.6.9
    depd: ~1.1.2
    destroy: ~1.0.4
    encodeurl: ~1.0.2
    escape-html: ~1.0.3
    etag: ~1.8.1
    fresh: 0.5.2
    http-errors: ~1.7.2
    mime: 1.6.0
    ms: 2.1.1
    on-finished: ~2.3.0
    range-parser: ~1.2.1
    statuses: ~1.5.0
  checksum: 2/58e4ab2e07e8dfb206ca954a9b85f4e367aba0e4d59ce4c9c96a82034385b67f25d33ad526fdb69d635744bbe4d8afea06e2c0348d7d32920e3489d86dc3ec6f
  languageName: node
  linkType: hard

"serve-static@npm:1.14.1":
  version: 1.14.1
  resolution: "serve-static@npm:1.14.1"
  dependencies:
    encodeurl: ~1.0.2
    escape-html: ~1.0.3
    parseurl: ~1.3.3
    send: 0.17.1
  checksum: 2/97e8c94ec02950d019000ca12a8e0b4fdeaaabb7ae965c1c05557b55b48114716ae92688972a8d9f06a5e2d5957c305253a859ec223bb39a1e0732366d0e2768
  languageName: node
  linkType: hard

"setprototypeof@npm:1.1.1":
  version: 1.1.1
  resolution: "setprototypeof@npm:1.1.1"
  checksum: 2/0efed4da5aec7535828ac07c3b560f0a54257a4a7d5390ffabe5530a083974aef577651507974215edb92a51efa142f22fb3242e24d630ba6adcbfc9e7f1ff2b
  languageName: node
  linkType: hard

"sntp@npm:2.x.x":
  version: 2.1.0
  resolution: "sntp@npm:2.1.0"
  dependencies:
    hoek: 4.x.x
  checksum: 2/499018cb4a47c69f0416262b4f9fec9c93009e79c3a376cf99c1cfd825144c9587a1bce01a9aecbdb70bc17993a82c433467534740b59031692dc4f47880eec2
  languageName: node
  linkType: hard

"sshpk@npm:^1.7.0":
  version: 1.15.2
  resolution: "sshpk@npm:1.15.2"
  dependencies:
    asn1: ~0.2.3
    assert-plus: ^1.0.0
    bcrypt-pbkdf: ^1.0.0
    dashdash: ^1.12.0
    ecc-jsbn: ~0.1.1
    getpass: ^0.1.1
    jsbn: ~0.1.0
    safer-buffer: ^2.0.2
    tweetnacl: ~0.14.0
  bin:
    sshpk-conv: bin/sshpk-conv
    sshpk-sign: bin/sshpk-sign
    sshpk-verify: bin/sshpk-verify
  checksum: 2/5a29945e21344e8e1b6d74ff03ca6fe7a5421aa0086f495c3143eafdadb62f61956f1cd1b75f27053bdaebcdcdac42bdb2d5370cf8e27a93fd2856e2a579fe44
  languageName: node
  linkType: hard

"statuses@npm:>= 1.5.0 < 2, statuses@npm:~1.5.0":
  version: 1.5.0
  resolution: "statuses@npm:1.5.0"
  checksum: 2/57735269bf231176a60deb80f6d60214cb4a87663b0937e79497afe9aebe2597f8377fd28893f4d1776205f18dd0b927774a26b72051411ac5108e9e2dfc77d2
  languageName: node
  linkType: hard

"stealthy-require@npm:^1.1.0":
  version: 1.1.1
  resolution: "stealthy-require@npm:1.1.1"
  checksum: 2/f24a9bc613817dea37afcbf64578f2ba0195916d906ebdaa1c1d5b8e9d51fd462cbf4c61ae04217babd0cf662e6c0115fd972dffa8e62a7f6f44f3109fb4c796
  languageName: node
  linkType: hard

"string_decoder@npm:~1.0.3":
  version: 1.0.3
  resolution: "string_decoder@npm:1.0.3"
  dependencies:
    safe-buffer: ~5.1.0
  checksum: 2/677a05eccb5b020bbbca4f2d05aee22168ef87d36ed752a654b3f12d6f876dc0fb5193d786b193fb3c56aba7714507e17bc1bc5e792baabbbced3eda7491ed10
  languageName: node
  linkType: hard

"stringstream@npm:~0.0.5":
  version: 0.0.6
  resolution: "stringstream@npm:0.0.6"
  checksum: 2/bd679f1f6555bef7aaceb4121517c37054dcb091a77606c6d76ffcf0e4eb3535b5191273f2e8363c959093052ccca4381d81a5f9556b2d2da49ccd24eb15460d
  languageName: node
  linkType: hard

"toidentifier@npm:1.0.0":
  version: 1.0.0
  resolution: "toidentifier@npm:1.0.0"
  checksum: 2/95720e8a0f98f1525f50ccbecbc2a23f0a1b4e448de03819dbbeda03adf0d2010fe64525fbc9d549765242550d341bb891672e4ac0b2cac58613cdd742324255
  languageName: node
  linkType: hard

"tough-cookie@npm:>=2.3.3, tough-cookie@npm:~2.3.3":
  version: 2.3.3
  resolution: "tough-cookie@npm:2.3.3"
  dependencies:
    punycode: ^1.4.1
  checksum: 2/85959a38191757f4e73627f4065f4a6bf035ed75b0791cac5f83917b24731dd175b78aa1ce0cce91d26e9b5668e2a4080fb3d347dc3f1bc9ca218e762f857830
  languageName: node
  linkType: hard

"tunnel-agent@npm:^0.6.0":
  version: 0.6.0
  resolution: "tunnel-agent@npm:0.6.0"
  dependencies:
    safe-buffer: ^5.0.1
  checksum: 2/03db75a4f994fee610d3485c492e95105ed265a9fecd49d14c98e9982f973ecc0220d0c1bc264e37802e423a1274bb63788a873e4e07009408ae3ac517347fd7
  languageName: node
  linkType: hard

"tweetnacl@npm:^0.14.3, tweetnacl@npm:~0.14.0":
  version: 0.14.5
  resolution: "tweetnacl@npm:0.14.5"
  checksum: 2/e1c9d52e2e9f582fd0df9ea26ba5a9ab88b9a38b69625d8e55c5e8870a4832ac8c32f8854b41fce7b59f97258bb103535363f9eda7050aa70e75824b972c7dde
  languageName: node
  linkType: hard

"type-is@npm:~1.6.17, type-is@npm:~1.6.18":
  version: 1.6.18
  resolution: "type-is@npm:1.6.18"
  dependencies:
    media-typer: 0.3.0
    mime-types: ~2.1.24
  checksum: 2/20a3514f1d835c979237995129d1f8c564325301e3a8f1c732bcbe1d7fa0ca1f65994e41a79e9030d79f31e5459bb9be5c377848fcb477cb3049a661b3713d74
  languageName: node
  linkType: hard

"unpipe@npm:1.0.0, unpipe@npm:~1.0.0":
  version: 1.0.0
  resolution: "unpipe@npm:1.0.0"
  checksum: 2/ba244e8bf640475b2143af95be5d71353cd4d238d63abf5dfe700c67841f066eb0819fc60dee7f2348ef647a5644a06ba024b9a0ab6d399fc07a05eb72a30ac7
  languageName: node
  linkType: hard

"util-deprecate@npm:~1.0.1":
  version: 1.0.2
  resolution: "util-deprecate@npm:1.0.2"
  checksum: 2/73c2b1cf0210ccac300645384d8443cabbd93194117b2dc1b3bae8d8279ad39aedac857e020c4ea505e96a1045059c7359db3df6a9df0be6b8584166c9d61dc9
  languageName: node
  linkType: hard

"utils-merge@npm:1.0.1":
  version: 1.0.1
  resolution: "utils-merge@npm:1.0.1"
  checksum: 2/a457956ebc09efbda05da8bf213ab89140bb9dffa3c42b3315dd8fc3c45d67a1b802741f58b7bba4872113201fc275fc86470289d8bd32b74297b5e5b5980705
  languageName: node
  linkType: hard

"uuid@npm:^3.1.0":
  version: 3.2.1
  resolution: "uuid@npm:3.2.1"
  bin:
    uuid: ./bin/uuid
  checksum: 2/672367f73fbc8fbe71eb3cd717b9eadef0f2befc7f3587d796581401c5135271909b61abded9fd9892a9488b1b8efedcf56b0439e54e2140469cc0cf1a0dbab4
  languageName: node
  linkType: hard

"vary@npm:^1, vary@npm:~1.1.2":
  version: 1.1.2
  resolution: "vary@npm:1.1.2"
  checksum: 2/591f059f727ac1ba0d97cb7767f8583a03fcbb07db7be2b7dce838ede520ec0e958a41cb19077054769077fdc49a9b9a2dc391c83426bfee89c054b8cc7404bf
  languageName: node
  linkType: hard

"verror@npm:1.10.0":
  version: 1.10.0
  resolution: "verror@npm:1.10.0"
  dependencies:
    assert-plus: ^1.0.0
    core-util-is: 1.0.2
    extsprintf: ^1.2.0
  checksum: 2/38ea80312cb42e5e8b4ac562d108d675b2354a79f8f125d363671f692657461b9181fd26f4fc9acdca433f8afee099cb78058806e1303e6b15b8fb022affba94
  languageName: node
  linkType: hard

"wrappy@npm:1":
  version: 1.0.2
  resolution: "wrappy@npm:1.0.2"
  checksum: 2/519fcda0fcdf0c16327be2de9d98646742307bc830277e8868529fcf7566f2b330a6453c233e0cdcb767d5838dd61a90984a02ecc983bcddebea5ad0833bbf98
  languageName: node
  linkType: hard
